
Microsoft Visual Studio Solution File, Format Version 12.00
# Visual Studio Version 16
VisualStudioVersion = 16.0.30204.135
MinimumVisualStudioVersion = 10.0.40219.1
Project("{9A19103F-16F7-4668-BE54-9A1E7A4F7556}") = "WebItlaTwitter3", "WebItlaTwitter3.csproj", "{9CBF1C20-BF26-4ACD-B7F6-C525FA35ED91}"
EndProject
Project("{9A19103F-16F7-4668-BE54-9A1E7A4F7556}") = "Database", "..\..\Database\Database.csproj", "{16F10786-0D0D-43C3-AB97-3306560E0154}"
EndProject
Project("{FAE04EC0-301F-11D3-BF4B-00C04F79EFBC}") = "EmailSend", "..\EmailSend\EmailSend.csproj", "{69EBF475-84F8-4E93-A0C5-D6618A0FDE24}"
EndProject
Global
	GlobalSection(SolutionConfigurationPlatforms) = preSolution
		Debug|Any CPU = Debug|Any CPU
		Release|Any CPU = Release|Any CPU
	EndGlobalSection
	GlobalSection(ProjectConfigurationPlatforms) = postSolution
		{9CBF1C20-BF26-4ACD-B7F6-C525FA35ED91}.Debug|Any CPU.ActiveCfg = Debug|Any CPU
		{9CBF1C20-BF26-4ACD-B7F6-C525FA35ED91}.Debug|Any CPU.Build.0 = Debug|Any CPU
		{9CBF1C20-BF26-4ACD-B7F6-C525FA35ED91}.Release|Any CPU.ActiveCfg = Release|Any CPU
		{9CBF1C20-BF26-4ACD-B7F6-C525FA35ED91}.Release|Any CPU.Build.0 = Release|Any CPU
		{16F10786-0D0D-43C3-AB97-3306560E0154}.Debug|Any CPU.ActiveCfg = Debug|Any CPU
		{16F10786-0D0D-43C3-AB97-3306560E0154}.Debug|Any CPU.Build.0 = Debug|Any CPU
		{16F10786-0D0D-43C3-AB97-3306560E0154}.Release|Any CPU.ActiveCfg = Release|Any CPU
		{16F10786-0D0D-43C3-AB97-3306560E0154}.Release|Any CPU.Build.0 = Release|Any CPU
		{69EBF475-84F8-4E93-A0C5-D6618A0FDE24}.Debug|Any CPU.ActiveCfg = Debug|Any CPU
		{69EBF475-84F8-4E93-A0C5-D6618A0FDE24}.Debug|Any CPU.Build.0 = Debug|Any CPU
		{69EBF475-84F8-4E93-A0C5-D6618A0FDE24}.Release|Any CPU.ActiveCfg = Release|Any CPU
		{69EBF475-84F8-4E93-A0C5-D6618A0FDE24}.Release|Any CPU.Build.0 = Release|Any CPU
	EndGlobalSection
	GlobalSection(SolutionProperties) = preSolution
		HideSolutionNode = FALSE
	EndGlobalSection
	GlobalSection(ExtensibilityGlobals) = postSolution
		SolutionGuid = {8283A29F-F99E-4D3F-9B75-438AF6228E11}
	EndGlobalSection
EndGlobal
